// !$*UTF8*$!
{
	archiveVersion = 1;
	classes = {
	};
	objectVersion = 50;
	objects = {

/* Begin PBXBuildFile section */
		E64088BA25DA1DF400A4AF6D /* AppDelegate.swift in Sources */ = {isa = PBXBuildFile; fileRef = E64088B925DA1DF400A4AF6D /* AppDelegate.swift */; };
		E64088BC25DA1DF400A4AF6D /* SceneDelegate.swift in Sources */ = {isa = PBXBuildFile; fileRef = E64088BB25DA1DF400A4AF6D /* SceneDelegate.swift */; };
		E64088BF25DA1DF400A4AF6D /* Todo_App.xcdatamodeld in Sources */ = {isa = PBXBuildFile; fileRef = E64088BD25DA1DF400A4AF6D /* Todo_App.xcdatamodeld */; };
		E64088C125DA1DF400A4AF6D /* ContentView.swift in Sources */ = {isa = PBXBuildFile; fileRef = E64088C025DA1DF400A4AF6D /* ContentView.swift */; };
		E64088C325DA1DF600A4AF6D /* Assets.xcassets in Resources */ = {isa = PBXBuildFile; fileRef = E64088C225DA1DF600A4AF6D /* Assets.xcassets */; };
		E64088C625DA1DF600A4AF6D /* Preview Assets.xcassets in Resources */ = {isa = PBXBuildFile; fileRef = E64088C525DA1DF600A4AF6D /* Preview Assets.xcassets */; };
		E64088C925DA1DF600A4AF6D /* LaunchScreen.storyboard in Resources */ = {isa = PBXBuildFile; fileRef = E64088C725DA1DF600A4AF6D /* LaunchScreen.storyboard */; };
/* End PBXBuildFile section */

/* Begin PBXFileReference section */
		E64088B625DA1DF400A4AF6D /* Todo App.app */ = {isa = PBXFileReference; explicitFileType = wrapper.application; includeInIndex = 0; path = "Todo App.app"; sourceTree = BUILT_PRODUCTS_DIR; };
		E64088B925DA1DF400A4AF6D /* AppDelegate.swift */ = {isa = PBXFileReference; lastKnownFileType = sourcecode.swift; path = AppDelegate.swift; sourceTree = "<group>"; };
		E64088BB25DA1DF400A4AF6D /* SceneDelegate.swift */ = {isa = PBXFileReference; lastKnownFileType = sourcecode.swift; path = SceneDelegate.swift; sourceTree = "<group>"; };
		E64088BE25DA1DF400A4AF6D /* Todo_App.xcdatamodel */ = {isa = PBXFileReference; lastKnownFileType = wrapper.xcdatamodel; path = Todo_App.xcdatamodel; sourceTree = "<group>"; };
		E64088C025DA1DF400A4AF6D /* ContentView.swift */ = {isa = PBXFileReference; lastKnownFileType = sourcecode.swift; path = ContentView.swift; sourceTree = "<group>"; };
		E64088C225DA1DF600A4AF6D /* Assets.xcassets */ = {isa = PBXFileReference; lastKnownFileType = folder.assetcatalog; path = Assets.xcassets; sourceTree = "<group>"; };
		E64088C525DA1DF600A4AF6D /* Preview Assets.xcassets */ = {isa = PBXFileReference; lastKnownFileType = folder.assetcatalog; path = "Preview Assets.xcassets"; sourceTree = "<group>"; };
		E64088C825DA1DF600A4AF6D /* Base */ = {isa = PBXFileReference; lastKnownFileType = file.storyboard; name = Base; path = Base.lproj/LaunchScreen.storyboard; sourceTree = "<group>"; };
		E64088CA25DA1DF600A4AF6D /* Info.plist */ = {isa = PBXFileReference; lastKnownFileType = text.plist.xml; path = Info.plist; sourceTree = "<group>"; };
/* End PBXFileReference section */

/* Begin PBXFrameworksBuildPhase section */
		E64088B325DA1DF400A4AF6D /* Frameworks */ = {
			isa = PBXFrameworksBuildPhase;
			buildActionMask = 2147483647;
			files = (
			);
			runOnlyForDeploymentPostprocessing = 0;
		};
/* End PBXFrameworksBuildPhase section */

/* Begin PBXGroup section */
		E64088AD25DA1DF400A4AF6D = {
			isa = PBXGroup;
			children = (
				E64088B825DA1DF400A4AF6D /* Todo App */,
				E64088B725DA1DF400A4AF6D /* Products */,
			);
			sourceTree = "<group>";
		};
		E64088B725DA1DF400A4AF6D /* Products */ = {
			isa = PBXGroup;
			children = (
				E64088B625DA1DF400A4AF6D /* Todo App.app */,
			);
			name = Products;
			sourceTree = "<group>";
		};
		E64088B825DA1DF400A4AF6D /* Todo App */ = {
			isa = PBXGroup;
			children = (
				E64088B925DA1DF400A4AF6D /* AppDelegate.swift */,
				E64088BB25DA1DF400A4AF6D /* SceneDelegate.swift */,
				E64088C025DA1DF400A4AF6D /* ContentView.swift */,
				E64088C225DA1DF600A4AF6D /* Assets.xcassets */,
				E64088C725DA1DF600A4AF6D /* LaunchScreen.storyboard */,
				E64088CA25DA1DF600A4AF6D /* Info.plist */,
				E64088BD25DA1DF400A4AF6D /* Todo_App.xcdatamodeld */,
				E64088C425DA1DF600A4AF6D /* Preview Content */,
			);
			path = "Todo App";
			sourceTree = "<group>";
		};
		E64088C425DA1DF600A4AF6D /* Preview Content */ = {
			isa = PBXGroup;
			children = (
				E64088C525DA1DF600A4AF6D /* Preview Assets.xcassets */,
			);
			path = "Preview Content";
			sourceTree = "<group>";
		};
/* End PBXGroup section */

/* Begin PBXNativeTarget section */
		E64088B525DA1DF400A4AF6D /* Todo App */ = {
			isa = PBXNativeTarget;
			buildConfigurationList = E64088CD25DA1DF600A4AF6D /* Build configuration list for PBXNativeTarget "Todo App" */;
			buildPhases = (
				E64088B225DA1DF400A4AF6D /* Sources */,
				E64088B325DA1DF400A4AF6D /* Frameworks */,
				E64088B425DA1DF400A4AF6D /* Resources */,
			);
			buildRules = (
			);
			dependencies = (
			);
			name = "Todo App";
			productName = "Todo App";
			productReference = E64088B625DA1DF400A4AF6D /* Todo App.app */;
			productType = "com.apple.product-type.application";
		};
/* End PBXNativeTarget section */

/* Begin PBXProject section */
		E64088AE25DA1DF400A4AF6D /* Project object */ = {
			isa = PBXProject;
			attributes = {
				LastSwiftUpdateCheck = 1150;
				LastUpgradeCheck = 1150;
				ORGANIZATIONNAME = NEONFACT;
				TargetAttributes = {
					E64088B525DA1DF400A4AF6D = {
						CreatedOnToolsVersion = 11.5;
					};
				};
			};
			buildConfigurationList = E64088B125DA1DF400A4AF6D /* Build configuration list for PBXProject "Todo App" */;
			compatibilityVersion = "Xcode 9.3";
			developmentRegion = en;
			hasScannedForEncodings = 0;
			knownRegions = (
				en,
				Base,
			);
			mainGroup = E64088AD25DA1DF400A4AF6D;
			productRefGroup = E64088B725DA1DF400A4AF6D /* Products */;
			projectDirPath = "";
			projectRoot = "";
			targets = (
				E64088B525DA1DF400A4AF6D /* Todo App */,
			);
		};
/* End PBXProject section */

/* Begin PBXResourcesBuildPhase section */
		E64088B425DA1DF400A4AF6D /* Resources */ = {
			isa = PBXResourcesBuildPhase;
			buildActionMask = 2147483647;
			files = (
				E64088C925DA1DF600A4AF6D /* LaunchScreen.storyboard in Resources */,
				E64088C625DA1DF600A4AF6D /* Preview Assets.xcassets in Resources */,
				E64088C325DA1DF600A4AF6D /* Assets.xcassets in Resources */,
			);
			runOnlyForDeploymentPostprocessing = 0;
		};
/* End PBXResourcesBuildPhase section */

/* Begin PBXSourcesBuildPhase section */
		E64088B225DA1DF400A4AF6D /* Sources */ = {
			isa = PBXSourcesBuildPhase;
			buildActionMask = 2147483647;
			files = (
				E64088BA25DA1DF400A4AF6D /* AppDelegate.swift in Sources */,
				E64088BC25DA1DF400A4AF6D /* SceneDelegate.swift in Sources */,
				E64088C125DA1DF400A4AF6D /* ContentView.swift in Sources */,
				E64088BF25DA1DF400A4AF6D /* Todo_App.xcdatamodeld in Sources */,
			);
			runOnlyForDeploymentPostprocessing = 0;
		};
/* End PBXSourcesBuildPhase section */

/* Begin PBXVariantGroup section */
		E64088C725DA1DF600A4AF6D /* LaunchScreen.storyboard */ = {
			isa = PBXVariantGroup;
			children = (
				E64088C825DA1DF600A4AF6D /* Base */,
			);
			name = LaunchScreen.storyboard;
			sourceTree = "<group>";
		};
/* End PBXVariantGroup section */

/* Begin XCBuildConfiguration section */
		E64088CB25DA1DF600A4AF6D /* Debug */ = {
			isa = XCBuildConfiguration;
			buildSettings = {
				ALWAYS_SEARCH_USER_PATHS = NO;
				CLANG_ANALYZER_NONNULL = YES;
				CLANG_ANALYZER_NUMBER_OBJECT_CONVERSION = YES_AGGRESSIVE;
				CLANG_CXX_LANGUAGE_STANDARD = "gnu++14";
				CLANG_CXX_LIBRARY = "libc++";
				CLANG_ENABLE_MODULES = YES;
				CLANG_ENABLE_OBJC_ARC = YES;
				CLANG_ENABLE_OBJC_WEAK = YES;
				CLANG_WARN_BLOCK_CAPTURE_AUTORELEASING = YES;
				CLANG_WARN_BOOL_CONVERSION = YES;
				CLANG_WARN_COMMA = YES;
				CLANG_WARN_CONSTANT_CONVERSION = YES;
				CLANG_WARN_DEPRECATED_OBJC_IMPLEMENTATIONS = YES;
				CLANG_WARN_DIRECT_OBJC_ISA_USAGE = YES_ERROR;
				CLANG_WARN_DOCUMENTATION_COMMENTS = YES;
				CLANG_WARN_EMPTY_BODY = YES;
				CLANG_WARN_ENUM_CONVERSION = YES;
				CLANG_WARN_INFINITE_RECURSION = YES;
				CLANG_WARN_INT_CONVERSION = YES;
				CLANG_WARN_NON_LITERAL_NULL_CONVERSION = YES;
				CLANG_WARN_OBJC_IMPLICIT_RETAIN_SELF = YES;
				CLANG_WARN_OBJC_LITERAL_CONVERSION = YES;
				CLANG_WARN_OBJC_ROOT_CLASS = YES_ERROR;
				CLANG_WARN_RANGE_LOOP_ANALYSIS = YES;
				CLANG_WARN_STRICT_PROTOTYPES = YES;
				CLANG_WARN_SUSPICIOUS_MOVE = YES;
				CLANG_WARN_UNGUARDED_AVAILABILITY = YES_AGGRESSIVE;
				CLANG_WARN_UNREACHABLE_CODE = YES;
				CLANG_WARN__DUPLICATE_METHOD_MATCH = YES;
				COPY_PHASE_STRIP = NO;
				DEBUG_INFORMATION_FORMAT = dwarf;
				ENABLE_STRICT_OBJC_MSGSEND = YES;
				ENABLE_TESTABILITY = YES;
				GCC_C_LANGUAGE_STANDARD = gnu11;
				GCC_DYNAMIC_NO_PIC = NO;
				GCC_NO_COMMON_BLOCKS = YES;
				GCC_OPTIMIZATION_LEVEL = 0;
				GCC_PREPROCESSOR_DEFINITIONS = (
					"DEBUG=1",
					"$(inherited)",
				);
				GCC_WARN_64_TO_32_BIT_CONVERSION = YES;
				GCC_WARN_ABOUT_RETURN_TYPE = YES_ERROR;
				GCC_WARN_UNDECLARED_SELECTOR = YES;
				GCC_WARN_UNINITIALIZED_AUTOS = YES_AGGRESSIVE;
				GCC_WARN_UNUSED_FUNCTION = YES;
				GCC_WARN_UNUSED_VARIABLE = YES;
				IPHONEOS_DEPLOYMENT_TARGET = 13.5;
				MTL_ENABLE_DEBUG_INFO = INCLUDE_SOURCE;
				MTL_FAST_MATH = YES;
				ONLY_ACTIVE_ARCH = YES;
				SDKROOT = iphoneos;
				SWIFT_ACTIVE_COMPILATION_CONDITIONS = DEBUG;
				SWIFT_OPTIMIZATION_LEVEL = "-Onone";
			};
			name = Debug;
		};
		E64088CC25DA1DF600A4AF6D /* Release */ = {
			isa = XCBuildConfiguration;
			buildSettings = {
				ALWAYS_SEARCH_USER_PATHS = NO;
				CLANG_ANALYZER_NONNULL = YES;
				CLANG_ANALYZER_NUMBER_OBJECT_CONVERSION = YES_AGGRESSIVE;
				CLANG_CXX_LANGUAGE_STANDARD = "gnu++14";
				CLANG_CXX_LIBRARY = "libc++";
				CLANG_ENABLE_MODULES = YES;
				CLANG_ENABLE_OBJC_ARC = YES;
				CLANG_ENABLE_OBJC_WEAK = YES;
				CLANG_WARN_BLOCK_CAPTURE_AUTORELEASING = YES;
				CLANG_WARN_BOOL_CONVERSION = YES;
				CLANG_WARN_COMMA = YES;
				CLANG_WARN_CONSTANT_CONVERSION = YES;
				CLANG_WARN_DEPRECATED_OBJC_IMPLEMENTATIONS = YES;
				CLANG_WARN_DIRECT_OBJC_ISA_USAGE = YES_ERROR;
				CLANG_WARN_DOCUMENTATION_COMMENTS = YES;
				CLANG_WARN_EMPTY_BODY = YES;
				CLANG_WARN_ENUM_CONVERSION = YES;
				CLANG_WARN_INFINITE_RECURSION = YES;
				CLANG_WARN_INT_CONVERSION = YES;
				CLANG_WARN_NON_LITERAL_NULL_CONVERSION = YES;
				CLANG_WARN_OBJC_IMPLICIT_RETAIN_SELF = YES;
				CLANG_WARN_OBJC_LITERAL_CONVERSION = YES;
				CLANG_WARN_OBJC_ROOT_CLASS = YES_ERROR;
				CLANG_WARN_RANGE_LOOP_ANALYSIS = YES;
				CLANG_WARN_STRICT_PROTOTYPES = YES;
				CLANG_WARN_SUSPICIOUS_MOVE = YES;
				CLANG_WARN_UNGUARDED_AVAILABILITY = YES_AGGRESSIVE;
				CLANG_WARN_UNREACHABLE_CODE = YES;
				CLANG_WARN__DUPLICATE_METHOD_MATCH = YES;
				COPY_PHASE_STRIP = NO;
				DEBUG_INFORMATION_FORMAT = "dwarf-with-dsym";
				ENABLE_NS_ASSERTIONS = NO;
				ENABLE_STRICT_OBJC_MSGSEND = YES;
				GCC_C_LANGUAGE_STANDARD = gnu11;
				GCC_NO_COMMON_BLOCKS = YES;
				GCC_WARN_64_TO_32_BIT_CONVERSION = YES;
				GCC_WARN_ABOUT_RETURN_TYPE = YES_ERROR;
				GCC_WARN_UNDECLARED_SELECTOR = YES;
				GCC_WARN_UNINITIALIZED_AUTOS = YES_AGGRESSIVE;
				GCC_WARN_UNUSED_FUNCTION = YES;
				GCC_WARN_UNUSED_VARIABLE = YES;
				IPHONEOS_DEPLOYMENT_TARGET = 13.5;
				MTL_ENABLE_DEBUG_INFO = NO;
				MTL_FAST_MATH = YES;
				SDKROOT = iphoneos;
				SWIFT_COMPILATION_MODE = wholemodule;
				SWIFT_OPTIMIZATION_LEVEL = "-O";
				VALIDATE_PRODUCT = YES;
			};
			name = Release;
		};
		E64088CE25DA1DF600A4AF6D /* Debug */ = {
			isa = XCBuildConfiguration;
			buildSettings = {
				ASSETCATALOG_COMPILER_APPICON_NAME = AppIcon;
				CODE_SIGN_STYLE = Automatic;
				DEVELOPMENT_ASSET_PATHS = "\"Todo App/Preview Content\"";
				DEVELOPMENT_TEAM = DFLMAHM5B7;
				ENABLE_PREVIEWS = YES;
				INFOPLIST_FILE = "Todo App/Info.plist";
				LD_RUNPATH_SEARCH_PATHS = (
					"$(inherited)",
					"@executable_path/Frameworks",
				);
				PRODUCT_BUNDLE_IDENTIFIER = "NeoFact.com.Todo-App";
				PRODUCT_NAME = "$(TARGET_NAME)";
				SWIFT_VERSION = 5.0;
				TARGETED_DEVICE_FAMILY = "1,2";
			};
			name = Debug;
		};
		E64088CF25DA1DF600A4AF6D /* Release */ = {
			isa = XCBuildConfiguration;
			buildSettings = {
				ASSETCATALOG_COMPILER_APPICON_NAME = AppIcon;
				CODE_SIGN_STYLE = Automatic;
				DEVELOPMENT_ASSET_PATHS = "\"Todo App/Preview Content\"";
				DEVELOPMENT_TEAM = DFLMAHM5B7;
				ENABLE_PREVIEWS = YES;
				INFOPLIST_FILE = "Todo App/Info.plist";
				LD_RUNPATH_SEARCH_PATHS = (
					"$(inherited)",
					"@executable_path/Frameworks",
				);
				PRODUCT_BUNDLE_IDENTIFIER = "NeoFact.com.Todo-App";
				PRODUCT_NAME = "$(TARGET_NAME)";
				SWIFT_VERSION = 5.0;
				TARGETED_DEVICE_FAMILY = "1,2";
			};
			name = Release;
		};
/* End XCBuildConfiguration section */

/* Begin XCConfigurationList section */
		E64088B125DA1DF400A4AF6D /* Build configuration list for PBXProject "Todo App" */ = {
			isa = XCConfigurationList;
			buildConfigurations = (
				E64088CB25DA1DF600A4AF6D /* Debug */,
				E64088CC25DA1DF600A4AF6D /* Release */,
			);
			defaultConfigurationIsVisible = 0;
			defaultConfigurationName = Release;
		};
		E64088CD25DA1DF600A4AF6D /* Build configuration list for PBXNativeTarget "Todo App" */ = {
			isa = XCConfigurationList;
			buildConfigurations = (
				E64088CE25DA1DF600A4AF6D /* Debug */,
				E64088CF25DA1DF600A4AF6D /* Release */,
			);
			defaultConfigurationIsVisible = 0;
			defaultConfigurationName = Release;
		};
/* End XCConfigurationList section */

/* Begin XCVersionGroup section */
		E64088BD25DA1DF400A4AF6D /* Todo_App.xcdatamodeld */ = {
			isa = XCVersionGroup;
			children = (
				E64088BE25DA1DF400A4AF6D /* Todo_App.xcdatamodel */,
			);
			currentVersion = E64088BE25DA1DF400A4AF6D /* Todo_App.xcdatamodel */;
			path = Todo_App.xcdatamodeld;
			sourceTree = "<group>";
			versionGroupType = wrapper.xcdatamodel;
		};
/* End XCVersionGroup section */
	};
	rootObject = E64088AE25DA1DF400A4AF6D /* Project object */;
}
